// !$*UTF8*$!
{
	archiveVersion = 1;
	classes = {
	};
	objectVersion = 50;
	objects = {

/* Begin PBXBuildFile section */
		5E2350A82385255900A8E560 /* PhotosViewController.swift in Sources */ = {isa = PBXBuildFile; fileRef = 5E2350A72385255900A8E560 /* PhotosViewController.swift */; };
		5E2350AA238525AE00A8E560 /* PhotosAPI.swift in Sources */ = {isa = PBXBuildFile; fileRef = 5E2350A9238525AE00A8E560 /* PhotosAPI.swift */; };
		5E2350AC238527A700A8E560 /* PhotosInteractor.swift in Sources */ = {isa = PBXBuildFile; fileRef = 5E2350AB238527A700A8E560 /* PhotosInteractor.swift */; };
		5E2350AE23852AC000A8E560 /* PhotosPresenter.swift in Sources */ = {isa = PBXBuildFile; fileRef = 5E2350AD23852AC000A8E560 /* PhotosPresenter.swift */; };
		5E2350B023852E7B00A8E560 /* PhotosConfig.swift in Sources */ = {isa = PBXBuildFile; fileRef = 5E2350AF23852E7B00A8E560 /* PhotosConfig.swift */; };
		5E2350B32385486D00A8E560 /* PhotoCell.swift in Sources */ = {isa = PBXBuildFile; fileRef = 5E2350B22385486D00A8E560 /* PhotoCell.swift */; };
		5EE82AAD23843A0C00456912 /* AppDelegate.swift in Sources */ = {isa = PBXBuildFile; fileRef = 5EE82AAC23843A0C00456912 /* AppDelegate.swift */; };
		5EE82AAF23843A0C00456912 /* SceneDelegate.swift in Sources */ = {isa = PBXBuildFile; fileRef = 5EE82AAE23843A0C00456912 /* SceneDelegate.swift */; };
		5EE82AB423843A0C00456912 /* Main.storyboard in Resources */ = {isa = PBXBuildFile; fileRef = 5EE82AB223843A0C00456912 /* Main.storyboard */; };
		5EE82AB623843A0D00456912 /* Assets.xcassets in Resources */ = {isa = PBXBuildFile; fileRef = 5EE82AB523843A0D00456912 /* Assets.xcassets */; };
		5EE82AB923843A0D00456912 /* LaunchScreen.storyboard in Resources */ = {isa = PBXBuildFile; fileRef = 5EE82AB723843A0D00456912 /* LaunchScreen.storyboard */; };
		5EE82AC423843A0D00456912 /* BleacherReportTests.swift in Sources */ = {isa = PBXBuildFile; fileRef = 5EE82AC323843A0D00456912 /* BleacherReportTests.swift */; };
		5EE82AD3238442A700456912 /* WebService.swift in Sources */ = {isa = PBXBuildFile; fileRef = 5EE82AD2238442A700456912 /* WebService.swift */; };
		5EE82AD523845F5F00456912 /* FlickrPhoto.swift in Sources */ = {isa = PBXBuildFile; fileRef = 5EE82AD423845F5F00456912 /* FlickrPhoto.swift */; };
/* End PBXBuildFile section */

/* Begin PBXContainerItemProxy section */
		5EE82AC023843A0D00456912 /* PBXContainerItemProxy */ = {
			isa = PBXContainerItemProxy;
			containerPortal = 5EE82AA123843A0C00456912 /* Project object */;
			proxyType = 1;
			remoteGlobalIDString = 5EE82AA823843A0C00456912;
			remoteInfo = BleacherReport;
		};
/* End PBXContainerItemProxy section */

/* Begin PBXFileReference section */
		5E2350A72385255900A8E560 /* PhotosViewController.swift */ = {isa = PBXFileReference; lastKnownFileType = sourcecode.swift; path = PhotosViewController.swift; sourceTree = "<group>"; };
		5E2350A9238525AE00A8E560 /* PhotosAPI.swift */ = {isa = PBXFileReference; lastKnownFileType = sourcecode.swift; path = PhotosAPI.swift; sourceTree = "<group>"; };
		5E2350AB238527A700A8E560 /* PhotosInteractor.swift */ = {isa = PBXFileReference; lastKnownFileType = sourcecode.swift; path = PhotosInteractor.swift; sourceTree = "<group>"; };
		5E2350AD23852AC000A8E560 /* PhotosPresenter.swift */ = {isa = PBXFileReference; lastKnownFileType = sourcecode.swift; path = PhotosPresenter.swift; sourceTree = "<group>"; };
		5E2350AF23852E7B00A8E560 /* PhotosConfig.swift */ = {isa = PBXFileReference; lastKnownFileType = sourcecode.swift; path = PhotosConfig.swift; sourceTree = "<group>"; };
		5E2350B22385486D00A8E560 /* PhotoCell.swift */ = {isa = PBXFileReference; lastKnownFileType = sourcecode.swift; path = PhotoCell.swift; sourceTree = "<group>"; };
		5EE82AA923843A0C00456912 /* BleacherReport.app */ = {isa = PBXFileReference; explicitFileType = wrapper.application; includeInIndex = 0; path = BleacherReport.app; sourceTree = BUILT_PRODUCTS_DIR; };
		5EE82AAC23843A0C00456912 /* AppDelegate.swift */ = {isa = PBXFileReference; lastKnownFileType = sourcecode.swift; path = AppDelegate.swift; sourceTree = "<group>"; };
		5EE82AAE23843A0C00456912 /* SceneDelegate.swift */ = {isa = PBXFileReference; lastKnownFileType = sourcecode.swift; path = SceneDelegate.swift; sourceTree = "<group>"; };
		5EE82AB323843A0C00456912 /* Base */ = {isa = PBXFileReference; lastKnownFileType = file.storyboard; name = Base; path = Base.lproj/Main.storyboard; sourceTree = "<group>"; };
		5EE82AB523843A0D00456912 /* Assets.xcassets */ = {isa = PBXFileReference; lastKnownFileType = folder.assetcatalog; path = Assets.xcassets; sourceTree = "<group>"; };
		5EE82AB823843A0D00456912 /* Base */ = {isa = PBXFileReference; lastKnownFileType = file.storyboard; name = Base; path = Base.lproj/LaunchScreen.storyboard; sourceTree = "<group>"; };
		5EE82ABA23843A0D00456912 /* Info.plist */ = {isa = PBXFileReference; lastKnownFileType = text.plist.xml; path = Info.plist; sourceTree = "<group>"; };
		5EE82ABF23843A0D00456912 /* BleacherReportTests.xctest */ = {isa = PBXFileReference; explicitFileType = wrapper.cfbundle; includeInIndex = 0; path = BleacherReportTests.xctest; sourceTree = BUILT_PRODUCTS_DIR; };
		5EE82AC323843A0D00456912 /* BleacherReportTests.swift */ = {isa = PBXFileReference; lastKnownFileType = sourcecode.swift; path = BleacherReportTests.swift; sourceTree = "<group>"; };
		5EE82AC523843A0D00456912 /* Info.plist */ = {isa = PBXFileReference; lastKnownFileType = text.plist.xml; path = Info.plist; sourceTree = "<group>"; };
		5EE82AD2238442A700456912 /* WebService.swift */ = {isa = PBXFileReference; lastKnownFileType = sourcecode.swift; path = WebService.swift; sourceTree = "<group>"; };
		5EE82AD423845F5F00456912 /* FlickrPhoto.swift */ = {isa = PBXFileReference; lastKnownFileType = sourcecode.swift; path = FlickrPhoto.swift; sourceTree = "<group>"; };
/* End PBXFileReference section */

/* Begin PBXFrameworksBuildPhase section */
		5EE82AA623843A0C00456912 /* Frameworks */ = {
			isa = PBXFrameworksBuildPhase;
			buildActionMask = 2147483647;
			files = (
			);
			runOnlyForDeploymentPostprocessing = 0;
		};
		5EE82ABC23843A0D00456912 /* Frameworks */ = {
			isa = PBXFrameworksBuildPhase;
			buildActionMask = 2147483647;
			files = (
			);
			runOnlyForDeploymentPostprocessing = 0;
		};
/* End PBXFrameworksBuildPhase section */

/* Begin PBXGroup section */
		5E2350B12385485300A8E560 /* View */ = {
			isa = PBXGroup;
			children = (
				5EE82AB223843A0C00456912 /* Main.storyboard */,
				5E2350A72385255900A8E560 /* PhotosViewController.swift */,
				5E2350B22385486D00A8E560 /* PhotoCell.swift */,
			);
			path = View;
			sourceTree = "<group>";
		};
		5EE82AA023843A0C00456912 = {
			isa = PBXGroup;
			children = (
				5EE82AAB23843A0C00456912 /* BleacherReport */,
				5EE82AC223843A0D00456912 /* BleacherReportTests */,
				5EE82AAA23843A0C00456912 /* Products */,
			);
			sourceTree = "<group>";
		};
		5EE82AAA23843A0C00456912 /* Products */ = {
			isa = PBXGroup;
			children = (
				5EE82AA923843A0C00456912 /* BleacherReport.app */,
				5EE82ABF23843A0D00456912 /* BleacherReportTests.xctest */,
			);
			name = Products;
			sourceTree = "<group>";
		};
		5EE82AAB23843A0C00456912 /* BleacherReport */ = {
			isa = PBXGroup;
			children = (
				5EE82AD12384429700456912 /* Web Services */,
				5EE82AD023843F1300456912 /* Photos */,
				5EE82ACE23843EE600456912 /* App Delegate */,
				5EE82ACF23843EFE00456912 /* Resources */,
				5EE82ABA23843A0D00456912 /* Info.plist */,
			);
			path = BleacherReport;
			sourceTree = "<group>";
		};
		5EE82AC223843A0D00456912 /* BleacherReportTests */ = {
			isa = PBXGroup;
			children = (
				5EE82AC323843A0D00456912 /* BleacherReportTests.swift */,
				5EE82AC523843A0D00456912 /* Info.plist */,
			);
			path = BleacherReportTests;
			sourceTree = "<group>";
		};
		5EE82ACE23843EE600456912 /* App Delegate */ = {
			isa = PBXGroup;
			children = (
				5EE82AAC23843A0C00456912 /* AppDelegate.swift */,
				5EE82AAE23843A0C00456912 /* SceneDelegate.swift */,
			);
			path = "App Delegate";
			sourceTree = "<group>";
		};
		5EE82ACF23843EFE00456912 /* Resources */ = {
			isa = PBXGroup;
			children = (
				5EE82AB523843A0D00456912 /* Assets.xcassets */,
				5EE82AB723843A0D00456912 /* LaunchScreen.storyboard */,
			);
			path = Resources;
			sourceTree = "<group>";
		};
		5EE82AD023843F1300456912 /* Photos */ = {
			isa = PBXGroup;
			children = (
				5E2350B12385485300A8E560 /* View */,
				5EE82AD423845F5F00456912 /* FlickrPhoto.swift */,
				5E2350A9238525AE00A8E560 /* PhotosAPI.swift */,
				5E2350AD23852AC000A8E560 /* PhotosPresenter.swift */,
				5E2350AF23852E7B00A8E560 /* PhotosConfig.swift */,
				5E2350AB238527A700A8E560 /* PhotosInteractor.swift */,
			);
			path = Photos;
			sourceTree = "<group>";
		};
		5EE82AD12384429700456912 /* Web Services */ = {
			isa = PBXGroup;
			children = (
				5EE82AD2238442A700456912 /* WebService.swift */,
			);
			path = "Web Services";
			sourceTree = "<group>";
		};
/* End PBXGroup section */

/* Begin PBXNativeTarget section */
		5EE82AA823843A0C00456912 /* BleacherReport */ = {
			isa = PBXNativeTarget;
			buildConfigurationList = 5EE82AC823843A0D00456912 /* Build configuration list for PBXNativeTarget "BleacherReport" */;
			buildPhases = (
				5EE82AA523843A0C00456912 /* Sources */,
				5EE82AA623843A0C00456912 /* Frameworks */,
				5EE82AA723843A0C00456912 /* Resources */,
			);
			buildRules = (
			);
			dependencies = (
			);
			name = BleacherReport;
			productName = BleacherReport;
			productReference = 5EE82AA923843A0C00456912 /* BleacherReport.app */;
			productType = "com.apple.product-type.application";
		};
		5EE82ABE23843A0D00456912 /* BleacherReportTests */ = {
			isa = PBXNativeTarget;
			buildConfigurationList = 5EE82ACB23843A0D00456912 /* Build configuration list for PBXNativeTarget "BleacherReportTests" */;
			buildPhases = (
				5EE82ABB23843A0D00456912 /* Sources */,
				5EE82ABC23843A0D00456912 /* Frameworks */,
				5EE82ABD23843A0D00456912 /* Resources */,
			);
			buildRules = (
			);
			dependencies = (
				5EE82AC123843A0D00456912 /* PBXTargetDependency */,
			);
			name = BleacherReportTests;
			productName = BleacherReportTests;
			productReference = 5EE82ABF23843A0D00456912 /* BleacherReportTests.xctest */;
			productType = "com.apple.product-type.bundle.unit-test";
		};
/* End PBXNativeTarget section */

/* Begin PBXProject section */
		5EE82AA123843A0C00456912 /* Project object */ = {
			isa = PBXProject;
			attributes = {
				LastSwiftUpdateCheck = 1120;
				LastUpgradeCheck = 1120;
				ORGANIZATIONNAME = "Sylvan Ash";
				TargetAttributes = {
					5EE82AA823843A0C00456912 = {
						CreatedOnToolsVersion = 11.2;
					};
					5EE82ABE23843A0D00456912 = {
						CreatedOnToolsVersion = 11.2;
						TestTargetID = 5EE82AA823843A0C00456912;
					};
				};
			};
			buildConfigurationList = 5EE82AA423843A0C00456912 /* Build configuration list for PBXProject "BleacherReport" */;
			compatibilityVersion = "Xcode 9.3";
			developmentRegion = en;
			hasScannedForEncodings = 0;
			knownRegions = (
				en,
				Base,
			);
			mainGroup = 5EE82AA023843A0C00456912;
			productRefGroup = 5EE82AAA23843A0C00456912 /* Products */;
			projectDirPath = "";
			projectRoot = "";
			targets = (
				5EE82AA823843A0C00456912 /* BleacherReport */,
				5EE82ABE23843A0D00456912 /* BleacherReportTests */,
			);
		};
/* End PBXProject section */

/* Begin PBXResourcesBuildPhase section */
		5EE82AA723843A0C00456912 /* Resources */ = {
			isa = PBXResourcesBuildPhase;
			buildActionMask = 2147483647;
			files = (
				5EE82AB923843A0D00456912 /* LaunchScreen.storyboard in Resources */,
				5EE82AB623843A0D00456912 /* Assets.xcassets in Resources */,
				5EE82AB423843A0C00456912 /* Main.storyboard in Resources */,
			);
			runOnlyForDeploymentPostprocessing = 0;
		};
		5EE82ABD23843A0D00456912 /* Resources */ = {
			isa = PBXResourcesBuildPhase;
			buildActionMask = 2147483647;
			files = (
			);
			runOnlyForDeploymentPostprocessing = 0;
		};
/* End PBXResourcesBuildPhase section */

/* Begin PBXSourcesBuildPhase section */
		5EE82AA523843A0C00456912 /* Sources */ = {
			isa = PBXSourcesBuildPhase;
			buildActionMask = 2147483647;
			files = (
				5EE82AD3238442A700456912 /* WebService.swift in Sources */,
				5E2350AC238527A700A8E560 /* PhotosInteractor.swift in Sources */,
				5E2350AA238525AE00A8E560 /* PhotosAPI.swift in Sources */,
				5EE82AD523845F5F00456912 /* FlickrPhoto.swift in Sources */,
				5E2350B32385486D00A8E560 /* PhotoCell.swift in Sources */,
				5EE82AAD23843A0C00456912 /* AppDelegate.swift in Sources */,
				5E2350AE23852AC000A8E560 /* PhotosPresenter.swift in Sources */,
				5EE82AAF23843A0C00456912 /* SceneDelegate.swift in Sources */,
				5E2350B023852E7B00A8E560 /* PhotosConfig.swift in Sources */,
				5E2350A82385255900A8E560 /* PhotosViewController.swift in Sources */,
			);
			runOnlyForDeploymentPostprocessing = 0;
		};
		5EE82ABB23843A0D00456912 /* Sources */ = {
			isa = PBXSourcesBuildPhase;
			buildActionMask = 2147483647;
			files = (
				5EE82AC423843A0D00456912 /* BleacherReportTests.swift in Sources */,
			);
			runOnlyForDeploymentPostprocessing = 0;
		};
/* End PBXSourcesBuildPhase section */

/* Begin PBXTargetDependency section */
		5EE82AC123843A0D00456912 /* PBXTargetDependency */ = {
			isa = PBXTargetDependency;
			target = 5EE82AA823843A0C00456912 /* BleacherReport */;
			targetProxy = 5EE82AC023843A0D00456912 /* PBXContainerItemProxy */;
		};
/* End PBXTargetDependency section */

/* Begin PBXVariantGroup section */
		5EE82AB223843A0C00456912 /* Main.storyboard */ = {
			isa = PBXVariantGroup;
			children = (
				5EE82AB323843A0C00456912 /* Base */,
			);
			name = Main.storyboard;
			sourceTree = "<group>";
		};
		5EE82AB723843A0D00456912 /* LaunchScreen.storyboard */ = {
			isa = PBXVariantGroup;
			children = (
				5EE82AB823843A0D00456912 /* Base */,
			);
			name = LaunchScreen.storyboard;
			sourceTree = "<group>";
		};
/* End PBXVariantGroup section */

/* Begin XCBuildConfiguration section */
		5EE82AC623843A0D00456912 /* Debug */ = {
			isa = XCBuildConfiguration;
			buildSettings = {
				ALWAYS_SEARCH_USER_PATHS = NO;
				CLANG_ANALYZER_NONNULL = YES;
				CLANG_ANALYZER_NUMBER_OBJECT_CONVERSION = YES_AGGRESSIVE;
				CLANG_CXX_LANGUAGE_STANDARD = "gnu++14";
				CLANG_CXX_LIBRARY = "libc++";
				CLANG_ENABLE_MODULES = YES;
				CLANG_ENABLE_OBJC_ARC = YES;
				CLANG_ENABLE_OBJC_WEAK = YES;
				CLANG_WARN_BLOCK_CAPTURE_AUTORELEASING = YES;
				CLANG_WARN_BOOL_CONVERSION = YES;
				CLANG_WARN_COMMA = YES;
				CLANG_WARN_CONSTANT_CONVERSION = YES;
				CLANG_WARN_DEPRECATED_OBJC_IMPLEMENTATIONS = YES;
				CLANG_WARN_DIRECT_OBJC_ISA_USAGE = YES_ERROR;
				CLANG_WARN_DOCUMENTATION_COMMENTS = YES;
				CLANG_WARN_EMPTY_BODY = YES;
				CLANG_WARN_ENUM_CONVERSION = YES;
				CLANG_WARN_INFINITE_RECURSION = YES;
				CLANG_WARN_INT_CONVERSION = YES;
				CLANG_WARN_NON_LITERAL_NULL_CONVERSION = YES;
				CLANG_WARN_OBJC_IMPLICIT_RETAIN_SELF = YES;
				CLANG_WARN_OBJC_LITERAL_CONVERSION = YES;
				CLANG_WARN_OBJC_ROOT_CLASS = YES_ERROR;
				CLANG_WARN_RANGE_LOOP_ANALYSIS = YES;
				CLANG_WARN_STRICT_PROTOTYPES = YES;
				CLANG_WARN_SUSPICIOUS_MOVE = YES;
				CLANG_WARN_UNGUARDED_AVAILABILITY = YES_AGGRESSIVE;
				CLANG_WARN_UNREACHABLE_CODE = YES;
				CLANG_WARN__DUPLICATE_METHOD_MATCH = YES;
				COPY_PHASE_STRIP = NO;
				DEBUG_INFORMATION_FORMAT = dwarf;
				ENABLE_STRICT_OBJC_MSGSEND = YES;
				ENABLE_TESTABILITY = YES;
				GCC_C_LANGUAGE_STANDARD = gnu11;
				GCC_DYNAMIC_NO_PIC = NO;
				GCC_NO_COMMON_BLOCKS = YES;
				GCC_OPTIMIZATION_LEVEL = 0;
				GCC_PREPROCESSOR_DEFINITIONS = (
					"DEBUG=1",
					"$(inherited)",
				);
				GCC_WARN_64_TO_32_BIT_CONVERSION = YES;
				GCC_WARN_ABOUT_RETURN_TYPE = YES_ERROR;
				GCC_WARN_UNDECLARED_SELECTOR = YES;
				GCC_WARN_UNINITIALIZED_AUTOS = YES_AGGRESSIVE;
				GCC_WARN_UNUSED_FUNCTION = YES;
				GCC_WARN_UNUSED_VARIABLE = YES;
				IPHONEOS_DEPLOYMENT_TARGET = 13.2;
				MTL_ENABLE_DEBUG_INFO = INCLUDE_SOURCE;
				MTL_FAST_MATH = YES;
				ONLY_ACTIVE_ARCH = YES;
				SDKROOT = iphoneos;
				SWIFT_ACTIVE_COMPILATION_CONDITIONS = DEBUG;
				SWIFT_OPTIMIZATION_LEVEL = "-Onone";
			};
			name = Debug;
		};
		5EE82AC723843A0D00456912 /* Release */ = {
			isa = XCBuildConfiguration;
			buildSettings = {
				ALWAYS_SEARCH_USER_PATHS = NO;
				CLANG_ANALYZER_NONNULL = YES;
				CLANG_ANALYZER_NUMBER_OBJECT_CONVERSION = YES_AGGRESSIVE;
				CLANG_CXX_LANGUAGE_STANDARD = "gnu++14";
				CLANG_CXX_LIBRARY = "libc++";
				CLANG_ENABLE_MODULES = YES;
				CLANG_ENABLE_OBJC_ARC = YES;
				CLANG_ENABLE_OBJC_WEAK = YES;
				CLANG_WARN_BLOCK_CAPTURE_AUTORELEASING = YES;
				CLANG_WARN_BOOL_CONVERSION = YES;
				CLANG_WARN_COMMA = YES;
				CLANG_WARN_CONSTANT_CONVERSION = YES;
				CLANG_WARN_DEPRECATED_OBJC_IMPLEMENTATIONS = YES;
				CLANG_WARN_DIRECT_OBJC_ISA_USAGE = YES_ERROR;
				CLANG_WARN_DOCUMENTATION_COMMENTS = YES;
				CLANG_WARN_EMPTY_BODY = YES;
				CLANG_WARN_ENUM_CONVERSION = YES;
				CLANG_WARN_INFINITE_RECURSION = YES;
				CLANG_WARN_INT_CONVERSION = YES;
				CLANG_WARN_NON_LITERAL_NULL_CONVERSION = YES;
				CLANG_WARN_OBJC_IMPLICIT_RETAIN_SELF = YES;
				CLANG_WARN_OBJC_LITERAL_CONVERSION = YES;
				CLANG_WARN_OBJC_ROOT_CLASS = YES_ERROR;
				CLANG_WARN_RANGE_LOOP_ANALYSIS = YES;
				CLANG_WARN_STRICT_PROTOTYPES = YES;
				CLANG_WARN_SUSPICIOUS_MOVE = YES;
				CLANG_WARN_UNGUARDED_AVAILABILITY = YES_AGGRESSIVE;
				CLANG_WARN_UNREACHABLE_CODE = YES;
				CLANG_WARN__DUPLICATE_METHOD_MATCH = YES;
				COPY_PHASE_STRIP = NO;
				DEBUG_INFORMATION_FORMAT = "dwarf-with-dsym";
				ENABLE_NS_ASSERTIONS = NO;
				ENABLE_STRICT_OBJC_MSGSEND = YES;
				GCC_C_LANGUAGE_STANDARD = gnu11;
				GCC_NO_COMMON_BLOCKS = YES;
				GCC_WARN_64_TO_32_BIT_CONVERSION = YES;
				GCC_WARN_ABOUT_RETURN_TYPE = YES_ERROR;
				GCC_WARN_UNDECLARED_SELECTOR = YES;
				GCC_WARN_UNINITIALIZED_AUTOS = YES_AGGRESSIVE;
				GCC_WARN_UNUSED_FUNCTION = YES;
				GCC_WARN_UNUSED_VARIABLE = YES;
				IPHONEOS_DEPLOYMENT_TARGET = 13.2;
				MTL_ENABLE_DEBUG_INFO = NO;
				MTL_FAST_MATH = YES;
				SDKROOT = iphoneos;
				SWIFT_COMPILATION_MODE = wholemodule;
				SWIFT_OPTIMIZATION_LEVEL = "-O";
				VALIDATE_PRODUCT = YES;
			};
			name = Release;
		};
		5EE82AC923843A0D00456912 /* Debug */ = {
			isa = XCBuildConfiguration;
			buildSettings = {
				ASSETCATALOG_COMPILER_APPICON_NAME = AppIcon;
				CODE_SIGN_STYLE = Automatic;
				INFOPLIST_FILE = BleacherReport/Info.plist;
				LD_RUNPATH_SEARCH_PATHS = (
					"$(inherited)",
					"@executable_path/Frameworks",
				);
				PRODUCT_BUNDLE_IDENTIFIER = com.daitensai.BleacherReport;
				PRODUCT_NAME = "$(TARGET_NAME)";
				SWIFT_VERSION = 5.0;
				TARGETED_DEVICE_FAMILY = "1,2";
			};
			name = Debug;
		};
		5EE82ACA23843A0D00456912 /* Release */ = {
			isa = XCBuildConfiguration;
			buildSettings = {
				ASSETCATALOG_COMPILER_APPICON_NAME = AppIcon;
				CODE_SIGN_STYLE = Automatic;
				INFOPLIST_FILE = BleacherReport/Info.plist;
				LD_RUNPATH_SEARCH_PATHS = (
					"$(inherited)",
					"@executable_path/Frameworks",
				);
				PRODUCT_BUNDLE_IDENTIFIER = com.daitensai.BleacherReport;
				PRODUCT_NAME = "$(TARGET_NAME)";
				SWIFT_VERSION = 5.0;
				TARGETED_DEVICE_FAMILY = "1,2";
			};
			name = Release;
		};
		5EE82ACC23843A0D00456912 /* Debug */ = {
			isa = XCBuildConfiguration;
			buildSettings = {
				ALWAYS_EMBED_SWIFT_STANDARD_LIBRARIES = YES;
				BUNDLE_LOADER = "$(TEST_HOST)";
				CODE_SIGN_STYLE = Automatic;
				INFOPLIST_FILE = BleacherReportTests/Info.plist;
				IPHONEOS_DEPLOYMENT_TARGET = 13.2;
				LD_RUNPATH_SEARCH_PATHS = (
					"$(inherited)",
					"@executable_path/Frameworks",
					"@loader_path/Frameworks",
				);
				PRODUCT_BUNDLE_IDENTIFIER = com.daitensai.BleacherReportTests;
				PRODUCT_NAME = "$(TARGET_NAME)";
				SWIFT_VERSION = 5.0;
				TARGETED_DEVICE_FAMILY = "1,2";
				TEST_HOST = "$(BUILT_PRODUCTS_DIR)/BleacherReport.app/BleacherReport";
			};
			name = Debug;
		};
		5EE82ACD23843A0D00456912 /* Release */ = {
			isa = XCBuildConfiguration;
			buildSettings = {
				ALWAYS_EMBED_SWIFT_STANDARD_LIBRARIES = YES;
				BUNDLE_LOADER = "$(TEST_HOST)";
				CODE_SIGN_STYLE = Automatic;
				INFOPLIST_FILE = BleacherReportTests/Info.plist;
				IPHONEOS_DEPLOYMENT_TARGET = 13.2;
				LD_RUNPATH_SEARCH_PATHS = (
					"$(inherited)",
					"@executable_path/Frameworks",
					"@loader_path/Frameworks",
				);
				PRODUCT_BUNDLE_IDENTIFIER = com.daitensai.BleacherReportTests;
				PRODUCT_NAME = "$(TARGET_NAME)";
				SWIFT_VERSION = 5.0;
				TARGETED_DEVICE_FAMILY = "1,2";
				TEST_HOST = "$(BUILT_PRODUCTS_DIR)/BleacherReport.app/BleacherReport";
			};
			name = Release;
		};
/* End XCBuildConfiguration section */

/* Begin XCConfigurationList section */
		5EE82AA423843A0C00456912 /* Build configuration list for PBXProject "BleacherReport" */ = {
			isa = XCConfigurationList;
			buildConfigurations = (
				5EE82AC623843A0D00456912 /* Debug */,
				5EE82AC723843A0D00456912 /* Release */,
			);
			defaultConfigurationIsVisible = 0;
			defaultConfigurationName = Release;
		};
		5EE82AC823843A0D00456912 /* Build configuration list for PBXNativeTarget "BleacherReport" */ = {
			isa = XCConfigurationList;
			buildConfigurations = (
				5EE82AC923843A0D00456912 /* Debug */,
				5EE82ACA23843A0D00456912 /* Release */,
			);
			defaultConfigurationIsVisible = 0;
			defaultConfigurationName = Release;
		};
		5EE82ACB23843A0D00456912 /* Build configuration list for PBXNativeTarget "BleacherReportTests" */ = {
			isa = XCConfigurationList;
			buildConfigurations = (
				5EE82ACC23843A0D00456912 /* Debug */,
				5EE82ACD23843A0D00456912 /* Release */,
			);
			defaultConfigurationIsVisible = 0;
			defaultConfigurationName = Release;
		};
/* End XCConfigurationList section */
	};
	rootObject = 5EE82AA123843A0C00456912 /* Project object */;
}
